// !$*UTF8*$!
{ archiveVersion = 1; classes = {}; objectVersion = 56; objects = {
000000000000000000000064 = {isa = PBXFileReference; lastKnownFileType = sourcecode.swift; path = App.swift; sourceTree = "<group>"; };
0000000000000000000000C8 = {isa = PBXBuildFile; fileRef = 000000000000000000000064; };
000000000000000000000065 = {isa = PBXFileReference; lastKnownFileType = sourcecode.swift; path = GestureRecognizer.swift; sourceTree = "<group>"; };
0000000000000000000000C9 = {isa = PBXBuildFile; fileRef = 000000000000000000000065; };
000000000000000000000066 = {isa = PBXFileReference; lastKnownFileType = sourcecode.swift; path = GestureExecutor.swift; sourceTree = "<group>"; };
0000000000000000000000CA = {isa = PBXBuildFile; fileRef = 000000000000000000000066; };
000000000000000000000067 = {isa = PBXFileReference; lastKnownFileType = sourcecode.swift; path = MouseEngine.swift; sourceTree = "<group>"; };
0000000000000000000000CB = {isa = PBXBuildFile; fileRef = 000000000000000000000067; };
000000000000000000000068 = {isa = PBXFileReference; lastKnownFileType = sourcecode.swift; path = SystemShortcutResolver.swift; sourceTree = "<group>"; };
0000000000000000000000CC = {isa = PBXBuildFile; fileRef = 000000000000000000000068; };
000000000000000000000069 = {isa = PBXFileReference; lastKnownFileType = sourcecode.swift; path = AppText.swift; sourceTree = "<group>"; };
0000000000000000000000CD = {isa = PBXBuildFile; fileRef = 000000000000000000000069; };
00000000000000000000006A = {isa = PBXFileReference; lastKnownFileType = sourcecode.swift; path = SettingsWindowController.swift; sourceTree = "<group>"; };
0000000000000000000000CE = {isa = PBXBuildFile; fileRef = 00000000000000000000006A; };
000000000000000000000001 = {isa = PBXProject; attributes = {LastUpgradeCheck = 1600;}; buildConfigurationList = 00000000000000000000000A; compatibilityVersion = "Xcode 14.0"; developmentRegion = en; knownRegions = (en, Base); mainGroup = 000000000000000000000002; productRefGroup = 000000000000000000000004; projectDirPath = ""; projectRoot = ""; targets = (000000000000000000000005); };
000000000000000000000002 = {isa = PBXGroup; children = (000000000000000000000003, 000000000000000000000004); sourceTree = "<group>"; };
000000000000000000000003 = {isa = PBXGroup; children = (000000000000000000000064, 000000000000000000000065, 000000000000000000000066, 000000000000000000000067, 000000000000000000000068, 000000000000000000000069, 00000000000000000000006A); path = Sources; sourceTree = "<group>"; };
000000000000000000000004 = {isa = PBXGroup; children = (000000000000000000000006); name = Products; sourceTree = "<group>"; };
000000000000000000000006 = {isa = PBXFileReference; explicitFileType = wrapper.application; includeInIndex = 0; path = "ChordMouse.app"; sourceTree = BUILT_PRODUCTS_DIR; };
000000000000000000000005 = {isa = PBXNativeTarget; buildConfigurationList = 00000000000000000000000B; buildPhases = (000000000000000000000007, 000000000000000000000008, 000000000000000000000009); buildRules = (); dependencies = (); name = "ChordMouse"; productName = "ChordMouse"; productReference = 000000000000000000000006; productType = "com.apple.product-type.application"; };
000000000000000000000007 = {isa = PBXSourcesBuildPhase; buildActionMask = 2147483647; files = (0000000000000000000000C8, 0000000000000000000000C9, 0000000000000000000000CA, 0000000000000000000000CB, 0000000000000000000000CC, 0000000000000000000000CD, 0000000000000000000000CE); runOnlyForDeploymentPostprocessing = 0; };
000000000000000000000008 = {isa = PBXFrameworksBuildPhase; buildActionMask = 2147483647; files = (); runOnlyForDeploymentPostprocessing = 0; };
000000000000000000000009 = {isa = PBXResourcesBuildPhase; buildActionMask = 2147483647; files = (); runOnlyForDeploymentPostprocessing = 0; };
00000000000000000000000A = {isa = XCConfigurationList; buildConfigurations = (00000000000000000000000C, 00000000000000000000000D); defaultConfigurationIsVisible = 0; defaultConfigurationName = Release; };
00000000000000000000000B = {isa = XCConfigurationList; buildConfigurations = (00000000000000000000000E, 00000000000000000000000F); defaultConfigurationIsVisible = 0; defaultConfigurationName = Release; };
00000000000000000000000C = {isa = XCBuildConfiguration; buildSettings = {MACOSX_DEPLOYMENT_TARGET = 13.0; SDKROOT = macosx; SWIFT_VERSION = 5.0; SWIFT_OPTIMIZATION_LEVEL = "-Onone";}; name = Debug; };
00000000000000000000000D = {isa = XCBuildConfiguration; buildSettings = {MACOSX_DEPLOYMENT_TARGET = 13.0; SDKROOT = macosx; SWIFT_VERSION = 5.0;}; name = Release; };
00000000000000000000000E = {isa = XCBuildConfiguration; buildSettings = {MACOSX_DEPLOYMENT_TARGET = 13.0; SDKROOT = macosx; SWIFT_VERSION = 5.0; PRODUCT_NAME = "ChordMouse"; EXECUTABLE_NAME = ChordMouse; PRODUCT_BUNDLE_IDENTIFIER = com.eg.ChordMouse; INFOPLIST_FILE = Info.plist; CODE_SIGN_IDENTITY = "-"; CODE_SIGN_STYLE = Manual; ENABLE_APP_SANDBOX = NO; COMBINE_HIDPI_IMAGES = YES; SWIFT_OPTIMIZATION_LEVEL = "-Onone";}; name = Debug; };
00000000000000000000000F = {isa = XCBuildConfiguration; buildSettings = {MACOSX_DEPLOYMENT_TARGET = 13.0; SDKROOT = macosx; SWIFT_VERSION = 5.0; PRODUCT_NAME = "ChordMouse"; EXECUTABLE_NAME = ChordMouse; PRODUCT_BUNDLE_IDENTIFIER = com.eg.ChordMouse; INFOPLIST_FILE = Info.plist; CODE_SIGN_IDENTITY = "-"; CODE_SIGN_STYLE = Manual; ENABLE_APP_SANDBOX = NO; COMBINE_HIDPI_IMAGES = YES;}; name = Release; };
}; rootObject = 000000000000000000000001; }
